// !$*UTF8*$!
{
	archiveVersion = 1;
	classes = {
	};
	objectVersion = 46;
	objects = {

/* Begin PBXBuildFile section */
		95146FF71BD0F62900C8C45C /* UIView+DXFrame.swift in Sources */ = {isa = PBXBuildFile; fileRef = 95146FF61BD0F62900C8C45C /* UIView+DXFrame.swift */; };
		9518B3921BE9ED1C00B37E49 /* DXSelectedImageViewController.swift in Sources */ = {isa = PBXBuildFile; fileRef = 9518B3911BE9ED1C00B37E49 /* DXSelectedImageViewController.swift */; };
		9518B3941BE9ED3D00B37E49 /* DXSelectedImageCell.swift in Sources */ = {isa = PBXBuildFile; fileRef = 9518B3931BE9ED3D00B37E49 /* DXSelectedImageCell.swift */; };
		9541C6AC1BCD080D003102FC /* AppDelegate.swift in Sources */ = {isa = PBXBuildFile; fileRef = 9541C6AB1BCD080D003102FC /* AppDelegate.swift */; };
		9541C6AE1BCD080D003102FC /* ViewController.swift in Sources */ = {isa = PBXBuildFile; fileRef = 9541C6AD1BCD080D003102FC /* ViewController.swift */; };
		9541C6B11BCD080D003102FC /* Main.storyboard in Resources */ = {isa = PBXBuildFile; fileRef = 9541C6AF1BCD080D003102FC /* Main.storyboard */; };
		9541C6B31BCD080D003102FC /* Assets.xcassets in Resources */ = {isa = PBXBuildFile; fileRef = 9541C6B21BCD080D003102FC /* Assets.xcassets */; };
		9541C6B61BCD080D003102FC /* LaunchScreen.storyboard in Resources */ = {isa = PBXBuildFile; fileRef = 9541C6B41BCD080D003102FC /* LaunchScreen.storyboard */; };
		9541C6C11BCD080D003102FC /* DXPhotosPickerDemoTests.swift in Sources */ = {isa = PBXBuildFile; fileRef = 9541C6C01BCD080D003102FC /* DXPhotosPickerDemoTests.swift */; };
		9541C6CC1BCD080D003102FC /* DXPhotosPickerDemoUITests.swift in Sources */ = {isa = PBXBuildFile; fileRef = 9541C6CB1BCD080D003102FC /* DXPhotosPickerDemoUITests.swift */; };
		9541C6DB1BCD084C003102FC /* Photos.framework in Frameworks */ = {isa = PBXBuildFile; fileRef = 9541C6DA1BCD084C003102FC /* Photos.framework */; };
		9541C6E01BCD0D23003102FC /* UIColor+DXHex.swift in Sources */ = {isa = PBXBuildFile; fileRef = 9541C6DF1BCD0D23003102FC /* UIColor+DXHex.swift */; };
		95643B311BCF54FF0091ACE8 /* DXUtil.swift in Sources */ = {isa = PBXBuildFile; fileRef = 95643B301BCF54FF0091ACE8 /* DXUtil.swift */; };
		956595BD1BCD4DCD00A74B30 /* DXPhotoPicker.strings in Resources */ = {isa = PBXBuildFile; fileRef = 956595BF1BCD4DCD00A74B30 /* DXPhotoPicker.strings */; };
		9593F8EC1BD4CD7F009FFE7E /* DXPickerHelper.swift in Sources */ = {isa = PBXBuildFile; fileRef = 9593F8EB1BD4CD7F009FFE7E /* DXPickerHelper.swift */; };
		95A1EEA71BDA373200AFDC15 /* DXImageFlowViewController.swift in Sources */ = {isa = PBXBuildFile; fileRef = 95A1EEA61BDA373200AFDC15 /* DXImageFlowViewController.swift */; };
		95A3F1891BCD441300A43CE1 /* imageResources.xcassets in Resources */ = {isa = PBXBuildFile; fileRef = 95A3F1881BCD441300A43CE1 /* imageResources.xcassets */; };
		95B585271BE27C2600D1EECB /* DXFullImageButton.swift in Sources */ = {isa = PBXBuildFile; fileRef = 95B585261BE27C2600D1EECB /* DXFullImageButton.swift */; };
		95BF24431BDE6DFC0002A94A /* DXAssetCell.swift in Sources */ = {isa = PBXBuildFile; fileRef = 95BF24421BDE6DFC0002A94A /* DXAssetCell.swift */; };
		95D786A51BD931E900C7A5A8 /* UIViewController+DXPhotoPicker.swift in Sources */ = {isa = PBXBuildFile; fileRef = 95D786A41BD931E900C7A5A8 /* UIViewController+DXPhotoPicker.swift */; };
		95D9571C1BD758420012BD36 /* DXAlbum.swift in Sources */ = {isa = PBXBuildFile; fileRef = 95D9571B1BD758420012BD36 /* DXAlbum.swift */; };
		95E8C64F1BD7CB5E00C73512 /* DXAlbumTableViewController.swift in Sources */ = {isa = PBXBuildFile; fileRef = 95E8C6461BD7CB5E00C73512 /* DXAlbumTableViewController.swift */; };
		95E8C6501BD7CB5E00C73512 /* DXBadgeLabel.swift in Sources */ = {isa = PBXBuildFile; fileRef = 95E8C6471BD7CB5E00C73512 /* DXBadgeLabel.swift */; };
		95E8C6511BD7CB5E00C73512 /* DXBrowserCell.swift in Sources */ = {isa = PBXBuildFile; fileRef = 95E8C6481BD7CB5E00C73512 /* DXBrowserCell.swift */; };
		95E8C6521BD7CB5E00C73512 /* DXPhotoBrowser.swift in Sources */ = {isa = PBXBuildFile; fileRef = 95E8C6491BD7CB5E00C73512 /* DXPhotoBrowser.swift */; };
		95E8C6531BD7CB5E00C73512 /* DXPhototPickerController.swift in Sources */ = {isa = PBXBuildFile; fileRef = 95E8C64A1BD7CB5E00C73512 /* DXPhototPickerController.swift */; };
		95E8C6541BD7CB5E00C73512 /* DXPromptView.swift in Sources */ = {isa = PBXBuildFile; fileRef = 95E8C64B1BD7CB5E00C73512 /* DXPromptView.swift */; };
		95E8C6551BD7CB5E00C73512 /* DXSendButton.swift in Sources */ = {isa = PBXBuildFile; fileRef = 95E8C64C1BD7CB5E00C73512 /* DXSendButton.swift */; };
		95E8C6561BD7CB5E00C73512 /* DXTapDetectingImageView.swift in Sources */ = {isa = PBXBuildFile; fileRef = 95E8C64D1BD7CB5E00C73512 /* DXTapDetectingImageView.swift */; };
		95E8C6571BD7CB5E00C73512 /* DXUnAuthorizedTipsView.swift in Sources */ = {isa = PBXBuildFile; fileRef = 95E8C64E1BD7CB5E00C73512 /* DXUnAuthorizedTipsView.swift */; };
		95E8C6591BD7CBB500C73512 /* DXAlbumCell.swift in Sources */ = {isa = PBXBuildFile; fileRef = 95E8C6581BD7CBB500C73512 /* DXAlbumCell.swift */; };
/* End PBXBuildFile section */

/* Begin PBXContainerItemProxy section */
		9541C6BD1BCD080D003102FC /* PBXContainerItemProxy */ = {
			isa = PBXContainerItemProxy;
			containerPortal = 9541C6A01BCD080D003102FC /* Project object */;
			proxyType = 1;
			remoteGlobalIDString = 9541C6A71BCD080D003102FC;
			remoteInfo = DXPhotosPickerDemo;
		};
		9541C6C81BCD080D003102FC /* PBXContainerItemProxy */ = {
			isa = PBXContainerItemProxy;
			containerPortal = 9541C6A01BCD080D003102FC /* Project object */;
			proxyType = 1;
			remoteGlobalIDString = 9541C6A71BCD080D003102FC;
			remoteInfo = DXPhotosPickerDemo;
		};
/* End PBXContainerItemProxy section */

/* Begin PBXFileReference section */
		95146FF61BD0F62900C8C45C /* UIView+DXFrame.swift */ = {isa = PBXFileReference; fileEncoding = 4; lastKnownFileType = sourcecode.swift; path = "UIView+DXFrame.swift"; sourceTree = "<group>"; };
		9518B3911BE9ED1C00B37E49 /* DXSelectedImageViewController.swift */ = {isa = PBXFileReference; fileEncoding = 4; lastKnownFileType = sourcecode.swift; path = DXSelectedImageViewController.swift; sourceTree = "<group>"; };
		9518B3931BE9ED3D00B37E49 /* DXSelectedImageCell.swift */ = {isa = PBXFileReference; fileEncoding = 4; lastKnownFileType = sourcecode.swift; path = DXSelectedImageCell.swift; sourceTree = "<group>"; };
		9541C6A81BCD080D003102FC /* DXPhotoPickerDemo.app */ = {isa = PBXFileReference; explicitFileType = wrapper.application; includeInIndex = 0; path = DXPhotoPickerDemo.app; sourceTree = BUILT_PRODUCTS_DIR; };
		9541C6AB1BCD080D003102FC /* AppDelegate.swift */ = {isa = PBXFileReference; lastKnownFileType = sourcecode.swift; path = AppDelegate.swift; sourceTree = "<group>"; };
		9541C6AD1BCD080D003102FC /* ViewController.swift */ = {isa = PBXFileReference; lastKnownFileType = sourcecode.swift; path = ViewController.swift; sourceTree = "<group>"; };
		9541C6B01BCD080D003102FC /* Base */ = {isa = PBXFileReference; lastKnownFileType = file.storyboard; name = Base; path = Base.lproj/Main.storyboard; sourceTree = "<group>"; };
		9541C6B21BCD080D003102FC /* Assets.xcassets */ = {isa = PBXFileReference; lastKnownFileType = folder.assetcatalog; path = Assets.xcassets; sourceTree = "<group>"; };
		9541C6B51BCD080D003102FC /* Base */ = {isa = PBXFileReference; lastKnownFileType = file.storyboard; name = Base; path = Base.lproj/LaunchScreen.storyboard; sourceTree = "<group>"; };
		9541C6B71BCD080D003102FC /* Info.plist */ = {isa = PBXFileReference; lastKnownFileType = text.plist.xml; path = Info.plist; sourceTree = "<group>"; };
		9541C6BC1BCD080D003102FC /* DXPhotoPickerDemo.xctest */ = {isa = PBXFileReference; explicitFileType = wrapper.cfbundle; includeInIndex = 0; path = DXPhotoPickerDemo.xctest; sourceTree = BUILT_PRODUCTS_DIR; };
		9541C6C01BCD080D003102FC /* DXPhotosPickerDemoTests.swift */ = {isa = PBXFileReference; lastKnownFileType = sourcecode.swift; path = DXPhotosPickerDemoTests.swift; sourceTree = "<group>"; };
		9541C6C21BCD080D003102FC /* Info.plist */ = {isa = PBXFileReference; lastKnownFileType = text.plist.xml; path = Info.plist; sourceTree = "<group>"; };
		9541C6C71BCD080D003102FC /* DXPhotoPickerDemo.xctest */ = {isa = PBXFileReference; explicitFileType = wrapper.cfbundle; includeInIndex = 0; path = DXPhotoPickerDemo.xctest; sourceTree = BUILT_PRODUCTS_DIR; };
		9541C6CB1BCD080D003102FC /* DXPhotosPickerDemoUITests.swift */ = {isa = PBXFileReference; lastKnownFileType = sourcecode.swift; path = DXPhotosPickerDemoUITests.swift; sourceTree = "<group>"; };
		9541C6CD1BCD080D003102FC /* Info.plist */ = {isa = PBXFileReference; lastKnownFileType = text.plist.xml; path = Info.plist; sourceTree = "<group>"; };
		9541C6DA1BCD084C003102FC /* Photos.framework */ = {isa = PBXFileReference; lastKnownFileType = wrapper.framework; name = Photos.framework; path = System/Library/Frameworks/Photos.framework; sourceTree = SDKROOT; };
		9541C6DF1BCD0D23003102FC /* UIColor+DXHex.swift */ = {isa = PBXFileReference; fileEncoding = 4; lastKnownFileType = sourcecode.swift; path = "UIColor+DXHex.swift"; sourceTree = "<group>"; };
		95643B301BCF54FF0091ACE8 /* DXUtil.swift */ = {isa = PBXFileReference; fileEncoding = 4; lastKnownFileType = sourcecode.swift; path = DXUtil.swift; sourceTree = "<group>"; };
		956595BE1BCD4DCD00A74B30 /* zh-Hans */ = {isa = PBXFileReference; lastKnownFileType = text.plist.strings; name = "zh-Hans"; path = "zh-Hans.lproj/DXPhotoPicker.strings"; sourceTree = "<group>"; };
		956595C01BCD4DD100A74B30 /* en */ = {isa = PBXFileReference; lastKnownFileType = text.plist.strings; name = en; path = en.lproj/DXPhotoPicker.strings; sourceTree = "<group>"; };
		9593F8EB1BD4CD7F009FFE7E /* DXPickerHelper.swift */ = {isa = PBXFileReference; fileEncoding = 4; lastKnownFileType = sourcecode.swift; path = DXPickerHelper.swift; sourceTree = "<group>"; };
		95A1EEA61BDA373200AFDC15 /* DXImageFlowViewController.swift */ = {isa = PBXFileReference; fileEncoding = 4; lastKnownFileType = sourcecode.swift; path = DXImageFlowViewController.swift; sourceTree = "<group>"; };
		95A3F1881BCD441300A43CE1 /* imageResources.xcassets */ = {isa = PBXFileReference; lastKnownFileType = folder.assetcatalog; path = imageResources.xcassets; sourceTree = "<group>"; };
		95B585261BE27C2600D1EECB /* DXFullImageButton.swift */ = {isa = PBXFileReference; fileEncoding = 4; lastKnownFileType = sourcecode.swift; path = DXFullImageButton.swift; sourceTree = "<group>"; };
		95BF24421BDE6DFC0002A94A /* DXAssetCell.swift */ = {isa = PBXFileReference; fileEncoding = 4; lastKnownFileType = sourcecode.swift; path = DXAssetCell.swift; sourceTree = "<group>"; };
		95D786A41BD931E900C7A5A8 /* UIViewController+DXPhotoPicker.swift */ = {isa = PBXFileReference; fileEncoding = 4; lastKnownFileType = sourcecode.swift; path = "UIViewController+DXPhotoPicker.swift"; sourceTree = "<group>"; };
		95D9571B1BD758420012BD36 /* DXAlbum.swift */ = {isa = PBXFileReference; fileEncoding = 4; lastKnownFileType = sourcecode.swift; path = DXAlbum.swift; sourceTree = "<group>"; };
		95E8C6461BD7CB5E00C73512 /* DXAlbumTableViewController.swift */ = {isa = PBXFileReference; fileEncoding = 4; lastKnownFileType = sourcecode.swift; path = DXAlbumTableViewController.swift; sourceTree = "<group>"; };
		95E8C6471BD7CB5E00C73512 /* DXBadgeLabel.swift */ = {isa = PBXFileReference; fileEncoding = 4; lastKnownFileType = sourcecode.swift; path = DXBadgeLabel.swift; sourceTree = "<group>"; };
		95E8C6481BD7CB5E00C73512 /* DXBrowserCell.swift */ = {isa = PBXFileReference; fileEncoding = 4; lastKnownFileType = sourcecode.swift; path = DXBrowserCell.swift; sourceTree = "<group>"; };
		95E8C6491BD7CB5E00C73512 /* DXPhotoBrowser.swift */ = {isa = PBXFileReference; fileEncoding = 4; lastKnownFileType = sourcecode.swift; path = DXPhotoBrowser.swift; sourceTree = "<group>"; };
		95E8C64A1BD7CB5E00C73512 /* DXPhototPickerController.swift */ = {isa = PBXFileReference; fileEncoding = 4; lastKnownFileType = sourcecode.swift; path = DXPhototPickerController.swift; sourceTree = "<group>"; };
		95E8C64B1BD7CB5E00C73512 /* DXPromptView.swift */ = {isa = PBXFileReference; fileEncoding = 4; lastKnownFileType = sourcecode.swift; path = DXPromptView.swift; sourceTree = "<group>"; };
		95E8C64C1BD7CB5E00C73512 /* DXSendButton.swift */ = {isa = PBXFileReference; fileEncoding = 4; lastKnownFileType = sourcecode.swift; path = DXSendButton.swift; sourceTree = "<group>"; };
		95E8C64D1BD7CB5E00C73512 /* DXTapDetectingImageView.swift */ = {isa = PBXFileReference; fileEncoding = 4; lastKnownFileType = sourcecode.swift; path = DXTapDetectingImageView.swift; sourceTree = "<group>"; };
		95E8C64E1BD7CB5E00C73512 /* DXUnAuthorizedTipsView.swift */ = {isa = PBXFileReference; fileEncoding = 4; lastKnownFileType = sourcecode.swift; path = DXUnAuthorizedTipsView.swift; sourceTree = "<group>"; };
		95E8C6581BD7CBB500C73512 /* DXAlbumCell.swift */ = {isa = PBXFileReference; fileEncoding = 4; lastKnownFileType = sourcecode.swift; path = DXAlbumCell.swift; sourceTree = "<group>"; };
/* End PBXFileReference section */

/* Begin PBXFrameworksBuildPhase section */
		9541C6A51BCD080D003102FC /* Frameworks */ = {
			isa = PBXFrameworksBuildPhase;
			buildActionMask = 2147483647;
			files = (
				9541C6DB1BCD084C003102FC /* Photos.framework in Frameworks */,
			);
			runOnlyForDeploymentPostprocessing = 0;
		};
		9541C6B91BCD080D003102FC /* Frameworks */ = {
			isa = PBXFrameworksBuildPhase;
			buildActionMask = 2147483647;
			files = (
			);
			runOnlyForDeploymentPostprocessing = 0;
		};
		9541C6C41BCD080D003102FC /* Frameworks */ = {
			isa = PBXFrameworksBuildPhase;
			buildActionMask = 2147483647;
			files = (
			);
			runOnlyForDeploymentPostprocessing = 0;
		};
/* End PBXFrameworksBuildPhase section */

/* Begin PBXGroup section */
		9541C69F1BCD080D003102FC = {
			isa = PBXGroup;
			children = (
				9541C6DA1BCD084C003102FC /* Photos.framework */,
				9541C6D91BCD081D003102FC /* DXPhotoPicker */,
				9541C6AA1BCD080D003102FC /* DXPhotoPickerDemo */,
				9541C6BF1BCD080D003102FC /* DXPhotosPickerDemoTests */,
				9541C6CA1BCD080D003102FC /* DXPhotosPickerDemoUITests */,
				9541C6A91BCD080D003102FC /* Products */,
			);
			sourceTree = "<group>";
		};
		9541C6A91BCD080D003102FC /* Products */ = {
			isa = PBXGroup;
			children = (
				9541C6A81BCD080D003102FC /* DXPhotoPickerDemo.app */,
				9541C6BC1BCD080D003102FC /* DXPhotoPickerDemo.xctest */,
				9541C6C71BCD080D003102FC /* DXPhotoPickerDemo.xctest */,
			);
			name = Products;
			sourceTree = "<group>";
		};
		9541C6AA1BCD080D003102FC /* DXPhotoPickerDemo */ = {
			isa = PBXGroup;
			children = (
				9541C6AB1BCD080D003102FC /* AppDelegate.swift */,
				9541C6AD1BCD080D003102FC /* ViewController.swift */,
				9518B3911BE9ED1C00B37E49 /* DXSelectedImageViewController.swift */,
				9518B3931BE9ED3D00B37E49 /* DXSelectedImageCell.swift */,
				9541C6AF1BCD080D003102FC /* Main.storyboard */,
				9541C6B21BCD080D003102FC /* Assets.xcassets */,
				9541C6B41BCD080D003102FC /* LaunchScreen.storyboard */,
				9541C6B71BCD080D003102FC /* Info.plist */,
			);
			path = DXPhotoPickerDemo;
			sourceTree = "<group>";
		};
		9541C6BF1BCD080D003102FC /* DXPhotosPickerDemoTests */ = {
			isa = PBXGroup;
			children = (
				9541C6C01BCD080D003102FC /* DXPhotosPickerDemoTests.swift */,
				9541C6C21BCD080D003102FC /* Info.plist */,
			);
			path = DXPhotosPickerDemoTests;
			sourceTree = "<group>";
		};
		9541C6CA1BCD080D003102FC /* DXPhotosPickerDemoUITests */ = {
			isa = PBXGroup;
			children = (
				9541C6CB1BCD080D003102FC /* DXPhotosPickerDemoUITests.swift */,
				9541C6CD1BCD080D003102FC /* Info.plist */,
			);
			path = DXPhotosPickerDemoUITests;
			sourceTree = "<group>";
		};
		9541C6D91BCD081D003102FC /* DXPhotoPicker */ = {
			isa = PBXGroup;
			children = (
				9541C6DE1BCD0A43003102FC /* Resources */,
				9541C6DD1BCD0A2B003102FC /* Support */,
				9541C6DC1BCD0A00003102FC /* Classes */,
			);
			path = DXPhotoPicker;
			sourceTree = "<group>";
		};
		9541C6DC1BCD0A00003102FC /* Classes */ = {
			isa = PBXGroup;
			children = (
				95E8C6331BD7CAFA00C73512 /* UI */,
				95D9571A1BD752F70012BD36 /* Models */,
				9593F8EB1BD4CD7F009FFE7E /* DXPickerHelper.swift */,
			);
			path = Classes;
			sourceTree = "<group>";
		};
		9541C6DD1BCD0A2B003102FC /* Support */ = {
			isa = PBXGroup;
			children = (
				9541C6DF1BCD0D23003102FC /* UIColor+DXHex.swift */,
				95643B301BCF54FF0091ACE8 /* DXUtil.swift */,
				95146FF61BD0F62900C8C45C /* UIView+DXFrame.swift */,
				95D786A41BD931E900C7A5A8 /* UIViewController+DXPhotoPicker.swift */,
			);
			path = Support;
			sourceTree = "<group>";
		};
		9541C6DE1BCD0A43003102FC /* Resources */ = {
			isa = PBXGroup;
			children = (
				95A3F1881BCD441300A43CE1 /* imageResources.xcassets */,
				956595BF1BCD4DCD00A74B30 /* DXPhotoPicker.strings */,
			);
			path = Resources;
			sourceTree = "<group>";
		};
		95D9571A1BD752F70012BD36 /* Models */ = {
			isa = PBXGroup;
			children = (
				95D9571B1BD758420012BD36 /* DXAlbum.swift */,
			);
			path = Models;
			sourceTree = "<group>";
		};
		95E8C6331BD7CAFA00C73512 /* UI */ = {
			isa = PBXGroup;
			children = (
				95E8C64A1BD7CB5E00C73512 /* DXPhototPickerController.swift */,
				95E8C6461BD7CB5E00C73512 /* DXAlbumTableViewController.swift */,
				95E8C6581BD7CBB500C73512 /* DXAlbumCell.swift */,
				95A1EEA61BDA373200AFDC15 /* DXImageFlowViewController.swift */,
				95BF24421BDE6DFC0002A94A /* DXAssetCell.swift */,
				95E8C6471BD7CB5E00C73512 /* DXBadgeLabel.swift */,
				95E8C6481BD7CB5E00C73512 /* DXBrowserCell.swift */,
				95E8C6491BD7CB5E00C73512 /* DXPhotoBrowser.swift */,
				95E8C64B1BD7CB5E00C73512 /* DXPromptView.swift */,
				95E8C64C1BD7CB5E00C73512 /* DXSendButton.swift */,
				95B585261BE27C2600D1EECB /* DXFullImageButton.swift */,
				95E8C64D1BD7CB5E00C73512 /* DXTapDetectingImageView.swift */,
				95E8C64E1BD7CB5E00C73512 /* DXUnAuthorizedTipsView.swift */,
			);
			path = UI;
			sourceTree = "<group>";
		};
/* End PBXGroup section */

/* Begin PBXNativeTarget section */
		9541C6A71BCD080D003102FC /* DXPhotoPickerDemo */ = {
			isa = PBXNativeTarget;
			buildConfigurationList = 9541C6D01BCD080D003102FC /* Build configuration list for PBXNativeTarget "DXPhotoPickerDemo" */;
			buildPhases = (
				9541C6A41BCD080D003102FC /* Sources */,
				9541C6A51BCD080D003102FC /* Frameworks */,
				9541C6A61BCD080D003102FC /* Resources */,
			);
			buildRules = (
			);
			dependencies = (
			);
			name = DXPhotoPickerDemo;
			productName = DXPhotosPickerDemo;
			productReference = 9541C6A81BCD080D003102FC /* DXPhotoPickerDemo.app */;
			productType = "com.apple.product-type.application";
		};
		9541C6BB1BCD080D003102FC /* DXPhotoPickerDemoTests */ = {
			isa = PBXNativeTarget;
			buildConfigurationList = 9541C6D31BCD080D003102FC /* Build configuration list for PBXNativeTarget "DXPhotoPickerDemoTests" */;
			buildPhases = (
				9541C6B81BCD080D003102FC /* Sources */,
				9541C6B91BCD080D003102FC /* Frameworks */,
				9541C6BA1BCD080D003102FC /* Resources */,
			);
			buildRules = (
			);
			dependencies = (
				9541C6BE1BCD080D003102FC /* PBXTargetDependency */,
			);
			name = DXPhotoPickerDemoTests;
			productName = DXPhotosPickerDemoTests;
			productReference = 9541C6BC1BCD080D003102FC /* DXPhotoPickerDemo.xctest */;
			productType = "com.apple.product-type.bundle.unit-test";
		};
		9541C6C61BCD080D003102FC /* DXPhotoPickerDemoUITests */ = {
			isa = PBXNativeTarget;
			buildConfigurationList = 9541C6D61BCD080D003102FC /* Build configuration list for PBXNativeTarget "DXPhotoPickerDemoUITests" */;
			buildPhases = (
				9541C6C31BCD080D003102FC /* Sources */,
				9541C6C41BCD080D003102FC /* Frameworks */,
				9541C6C51BCD080D003102FC /* Resources */,
			);
			buildRules = (
			);
			dependencies = (
				9541C6C91BCD080D003102FC /* PBXTargetDependency */,
			);
			name = DXPhotoPickerDemoUITests;
			productName = DXPhotosPickerDemoUITests;
			productReference = 9541C6C71BCD080D003102FC /* DXPhotoPickerDemo.xctest */;
			productType = "com.apple.product-type.bundle.ui-testing";
		};
/* End PBXNativeTarget section */

/* Begin PBXProject section */
		9541C6A01BCD080D003102FC /* Project object */ = {
			isa = PBXProject;
			attributes = {
				CLASSPREFIX = DX;
				LastUpgradeCheck = 0700;
				ORGANIZATIONNAME = Dennis;
				TargetAttributes = {
					9541C6A71BCD080D003102FC = {
						CreatedOnToolsVersion = 7.0.1;
						DevelopmentTeam = 7RQERF84NY;
					};
					9541C6BB1BCD080D003102FC = {
						CreatedOnToolsVersion = 7.0.1;
						TestTargetID = 9541C6A71BCD080D003102FC;
					};
					9541C6C61BCD080D003102FC = {
						CreatedOnToolsVersion = 7.0.1;
						TestTargetID = 9541C6A71BCD080D003102FC;
					};
				};
			};
			buildConfigurationList = 9541C6A31BCD080D003102FC /* Build configuration list for PBXProject "DXPhotoPickerDemo" */;
			compatibilityVersion = "Xcode 3.2";
			developmentRegion = English;
			hasScannedForEncodings = 0;
			knownRegions = (
				en,
				Base,
				"zh-Hans",
			);
			mainGroup = 9541C69F1BCD080D003102FC;
			productRefGroup = 9541C6A91BCD080D003102FC /* Products */;
			projectDirPath = "";
			projectRoot = "";
			targets = (
				9541C6A71BCD080D003102FC /* DXPhotoPickerDemo */,
				9541C6BB1BCD080D003102FC /* DXPhotoPickerDemoTests */,
				9541C6C61BCD080D003102FC /* DXPhotoPickerDemoUITests */,
			);
		};
/* End PBXProject section */

/* Begin PBXResourcesBuildPhase section */
		9541C6A61BCD080D003102FC /* Resources */ = {
			isa = PBXResourcesBuildPhase;
			buildActionMask = 2147483647;
			files = (
				9541C6B61BCD080D003102FC /* LaunchScreen.storyboard in Resources */,
				95A3F1891BCD441300A43CE1 /* imageResources.xcassets in Resources */,
				9541C6B31BCD080D003102FC /* Assets.xcassets in Resources */,
				9541C6B11BCD080D003102FC /* Main.storyboard in Resources */,
				956595BD1BCD4DCD00A74B30 /* DXPhotoPicker.strings in Resources */,
			);
			runOnlyForDeploymentPostprocessing = 0;
		};
		9541C6BA1BCD080D003102FC /* Resources */ = {
			isa = PBXResourcesBuildPhase;
			buildActionMask = 2147483647;
			files = (
			);
			runOnlyForDeploymentPostprocessing = 0;
		};
		9541C6C51BCD080D003102FC /* Resources */ = {
			isa = PBXResourcesBuildPhase;
			buildActionMask = 2147483647;
			files = (
			);
			runOnlyForDeploymentPostprocessing = 0;
		};
/* End PBXResourcesBuildPhase section */

/* Begin PBXSourcesBuildPhase section */
		9541C6A41BCD080D003102FC /* Sources */ = {
			isa = PBXSourcesBuildPhase;
			buildActionMask = 2147483647;
			files = (
				9541C6E01BCD0D23003102FC /* UIColor+DXHex.swift in Sources */,
				9593F8EC1BD4CD7F009FFE7E /* DXPickerHelper.swift in Sources */,
				95A1EEA71BDA373200AFDC15 /* DXImageFlowViewController.swift in Sources */,
				95E8C6521BD7CB5E00C73512 /* DXPhotoBrowser.swift in Sources */,
				95D9571C1BD758420012BD36 /* DXAlbum.swift in Sources */,
				95E8C6531BD7CB5E00C73512 /* DXPhototPickerController.swift in Sources */,
				95E8C6571BD7CB5E00C73512 /* DXUnAuthorizedTipsView.swift in Sources */,
				95B585271BE27C2600D1EECB /* DXFullImageButton.swift in Sources */,
				95E8C6541BD7CB5E00C73512 /* DXPromptView.swift in Sources */,
				95BF24431BDE6DFC0002A94A /* DXAssetCell.swift in Sources */,
				9541C6AE1BCD080D003102FC /* ViewController.swift in Sources */,
				95643B311BCF54FF0091ACE8 /* DXUtil.swift in Sources */,
				95146FF71BD0F62900C8C45C /* UIView+DXFrame.swift in Sources */,
				95E8C64F1BD7CB5E00C73512 /* DXAlbumTableViewController.swift in Sources */,
				95E8C6501BD7CB5E00C73512 /* DXBadgeLabel.swift in Sources */,
				95E8C6591BD7CBB500C73512 /* DXAlbumCell.swift in Sources */,
				9518B3941BE9ED3D00B37E49 /* DXSelectedImageCell.swift in Sources */,
				9541C6AC1BCD080D003102FC /* AppDelegate.swift in Sources */,
				9518B3921BE9ED1C00B37E49 /* DXSelectedImageViewController.swift in Sources */,
				95E8C6511BD7CB5E00C73512 /* DXBrowserCell.swift in Sources */,
				95D786A51BD931E900C7A5A8 /* UIViewController+DXPhotoPicker.swift in Sources */,
				95E8C6561BD7CB5E00C73512 /* DXTapDetectingImageView.swift in Sources */,
				95E8C6551BD7CB5E00C73512 /* DXSendButton.swift in Sources */,
			);
			runOnlyForDeploymentPostprocessing = 0;
		};
		9541C6B81BCD080D003102FC /* Sources */ = {
			isa = PBXSourcesBuildPhase;
			buildActionMask = 2147483647;
			files = (
				9541C6C11BCD080D003102FC /* DXPhotosPickerDemoTests.swift in Sources */,
			);
			runOnlyForDeploymentPostprocessing = 0;
		};
		9541C6C31BCD080D003102FC /* Sources */ = {
			isa = PBXSourcesBuildPhase;
			buildActionMask = 2147483647;
			files = (
				9541C6CC1BCD080D003102FC /* DXPhotosPickerDemoUITests.swift in Sources */,
			);
			runOnlyForDeploymentPostprocessing = 0;
		};
/* End PBXSourcesBuildPhase section */

/* Begin PBXTargetDependency section */
		9541C6BE1BCD080D003102FC /* PBXTargetDependency */ = {
			isa = PBXTargetDependency;
			target = 9541C6A71BCD080D003102FC /* DXPhotoPickerDemo */;
			targetProxy = 9541C6BD1BCD080D003102FC /* PBXContainerItemProxy */;
		};
		9541C6C91BCD080D003102FC /* PBXTargetDependency */ = {
			isa = PBXTargetDependency;
			target = 9541C6A71BCD080D003102FC /* DXPhotoPickerDemo */;
			targetProxy = 9541C6C81BCD080D003102FC /* PBXContainerItemProxy */;
		};
/* End PBXTargetDependency section */

/* Begin PBXVariantGroup section */
		9541C6AF1BCD080D003102FC /* Main.storyboard */ = {
			isa = PBXVariantGroup;
			children = (
				9541C6B01BCD080D003102FC /* Base */,
			);
			name = Main.storyboard;
			sourceTree = "<group>";
		};
		9541C6B41BCD080D003102FC /* LaunchScreen.storyboard */ = {
			isa = PBXVariantGroup;
			children = (
				9541C6B51BCD080D003102FC /* Base */,
			);
			name = LaunchScreen.storyboard;
			sourceTree = "<group>";
		};
		956595BF1BCD4DCD00A74B30 /* DXPhotoPicker.strings */ = {
			isa = PBXVariantGroup;
			children = (
				956595BE1BCD4DCD00A74B30 /* zh-Hans */,
				956595C01BCD4DD100A74B30 /* en */,
			);
			name = DXPhotoPicker.strings;
			sourceTree = "<group>";
		};
/* End PBXVariantGroup section */

/* Begin XCBuildConfiguration section */
		9541C6CE1BCD080D003102FC /* Debug */ = {
			isa = XCBuildConfiguration;
			buildSettings = {
				ALWAYS_SEARCH_USER_PATHS = NO;
				CLANG_CXX_LANGUAGE_STANDARD = "gnu++0x";
				CLANG_CXX_LIBRARY = "libc++";
				CLANG_ENABLE_MODULES = YES;
				CLANG_ENABLE_OBJC_ARC = YES;
				CLANG_WARN_BOOL_CONVERSION = YES;
				CLANG_WARN_CONSTANT_CONVERSION = YES;
				CLANG_WARN_DIRECT_OBJC_ISA_USAGE = YES_ERROR;
				CLANG_WARN_EMPTY_BODY = YES;
				CLANG_WARN_ENUM_CONVERSION = YES;
				CLANG_WARN_INT_CONVERSION = YES;
				CLANG_WARN_OBJC_ROOT_CLASS = YES_ERROR;
				CLANG_WARN_UNREACHABLE_CODE = YES;
				CLANG_WARN__DUPLICATE_METHOD_MATCH = YES;
				"CODE_SIGN_IDENTITY[sdk=iphoneos*]" = "iPhone Developer";
				COPY_PHASE_STRIP = NO;
				DEBUG_INFORMATION_FORMAT = dwarf;
				ENABLE_STRICT_OBJC_MSGSEND = YES;
				ENABLE_TESTABILITY = YES;
				GCC_C_LANGUAGE_STANDARD = gnu99;
				GCC_DYNAMIC_NO_PIC = NO;
				GCC_NO_COMMON_BLOCKS = YES;
				GCC_OPTIMIZATION_LEVEL = 0;
				GCC_PREPROCESSOR_DEFINITIONS = (
					"DEBUG=1",
					"$(inherited)",
				);
				GCC_WARN_64_TO_32_BIT_CONVERSION = YES;
				GCC_WARN_ABOUT_RETURN_TYPE = YES_ERROR;
				GCC_WARN_UNDECLARED_SELECTOR = YES;
				GCC_WARN_UNINITIALIZED_AUTOS = YES_AGGRESSIVE;
				GCC_WARN_UNUSED_FUNCTION = YES;
				GCC_WARN_UNUSED_VARIABLE = YES;
				IPHONEOS_DEPLOYMENT_TARGET = 8.0;
				MTL_ENABLE_DEBUG_INFO = YES;
				ONLY_ACTIVE_ARCH = YES;
				SDKROOT = iphoneos;
				SWIFT_OPTIMIZATION_LEVEL = "-Onone";
			};
			name = Debug;
		};
		9541C6CF1BCD080D003102FC /* Release */ = {
			isa = XCBuildConfiguration;
			buildSettings = {
				ALWAYS_SEARCH_USER_PATHS = NO;
				CLANG_CXX_LANGUAGE_STANDARD = "gnu++0x";
				CLANG_CXX_LIBRARY = "libc++";
				CLANG_ENABLE_MODULES = YES;
				CLANG_ENABLE_OBJC_ARC = YES;
				CLANG_WARN_BOOL_CONVERSION = YES;
				CLANG_WARN_CONSTANT_CONVERSION = YES;
				CLANG_WARN_DIRECT_OBJC_ISA_USAGE = YES_ERROR;
				CLANG_WARN_EMPTY_BODY = YES;
				CLANG_WARN_ENUM_CONVERSION = YES;
				CLANG_WARN_INT_CONVERSION = YES;
				CLANG_WARN_OBJC_ROOT_CLASS = YES_ERROR;
				CLANG_WARN_UNREACHABLE_CODE = YES;
				CLANG_WARN__DUPLICATE_METHOD_MATCH = YES;
				"CODE_SIGN_IDENTITY[sdk=iphoneos*]" = "iPhone Developer";
				COPY_PHASE_STRIP = NO;
				DEBUG_INFORMATION_FORMAT = "dwarf-with-dsym";
				ENABLE_NS_ASSERTIONS = NO;
				ENABLE_STRICT_OBJC_MSGSEND = YES;
				GCC_C_LANGUAGE_STANDARD = gnu99;
				GCC_NO_COMMON_BLOCKS = YES;
				GCC_WARN_64_TO_32_BIT_CONVERSION = YES;
				GCC_WARN_ABOUT_RETURN_TYPE = YES_ERROR;
				GCC_WARN_UNDECLARED_SELECTOR = YES;
				GCC_WARN_UNINITIALIZED_AUTOS = YES_AGGRESSIVE;
				GCC_WARN_UNUSED_FUNCTION = YES;
				GCC_WARN_UNUSED_VARIABLE = YES;
				IPHONEOS_DEPLOYMENT_TARGET = 8.0;
				MTL_ENABLE_DEBUG_INFO = NO;
				SDKROOT = iphoneos;
				VALIDATE_PRODUCT = YES;
			};
			name = Release;
		};
		9541C6D11BCD080D003102FC /* Debug */ = {
			isa = XCBuildConfiguration;
			buildSettings = {
				ASSETCATALOG_COMPILER_APPICON_NAME = AppIcon;
				CODE_SIGN_IDENTITY = "iPhone Developer";
				"CODE_SIGN_IDENTITY[sdk=iphoneos*]" = "iPhone Developer";
				INFOPLIST_FILE = "$(SRCROOT)/DXPhotoPickerDemo/Info.plist";
				LD_RUNPATH_SEARCH_PATHS = "$(inherited) @executable_path/Frameworks";
				OTHER_SWIFT_FLAGS = "-D DEBUG";
				PRODUCT_BUNDLE_IDENTIFIER = com.dennis.DXPhotoPickerDenS;
				PRODUCT_NAME = DXPhotoPickerDemo;
				PROVISIONING_PROFILE = "";
			};
			name = Debug;
		};
		9541C6D21BCD080D003102FC /* Release */ = {
			isa = XCBuildConfiguration;
			buildSettings = {
				ASSETCATALOG_COMPILER_APPICON_NAME = AppIcon;
				CODE_SIGN_IDENTITY = "iPhone Developer";
				"CODE_SIGN_IDENTITY[sdk=iphoneos*]" = "iPhone Developer";
				INFOPLIST_FILE = "$(SRCROOT)/DXPhotoPickerDemo/Info.plist";
				LD_RUNPATH_SEARCH_PATHS = "$(inherited) @executable_path/Frameworks";
				PRODUCT_BUNDLE_IDENTIFIER = com.dennis.DXPhotoPickerDenS;
				PRODUCT_NAME = DXPhotoPickerDemo;
				PROVISIONING_PROFILE = "";
			};
			name = Release;
		};
		9541C6D41BCD080D003102FC /* Debug */ = {
			isa = XCBuildConfiguration;
			buildSettings = {
				BUNDLE_LOADER = "$(TEST_HOST)";
				INFOPLIST_FILE = DXPhotosPickerDemoTests/Info.plist;
				LD_RUNPATH_SEARCH_PATHS = "$(inherited) @executable_path/Frameworks @loader_path/Frameworks";
				PRODUCT_BUNDLE_IDENTIFIER = com.dennis.DXPhotosPickerDemoTests;
				PRODUCT_NAME = DXPhotoPickerDemo;
				TEST_HOST = "$(BUILT_PRODUCTS_DIR)/DXPhotoPickerDemo.app/DXPhotoPickerDemo";
			};
			name = Debug;
		};
		9541C6D51BCD080D003102FC /* Release */ = {
			isa = XCBuildConfiguration;
			buildSettings = {
				BUNDLE_LOADER = "$(TEST_HOST)";
				INFOPLIST_FILE = DXPhotosPickerDemoTests/Info.plist;
				LD_RUNPATH_SEARCH_PATHS = "$(inherited) @executable_path/Frameworks @loader_path/Frameworks";
				PRODUCT_BUNDLE_IDENTIFIER = com.dennis.DXPhotosPickerDemoTests;
				PRODUCT_NAME = DXPhotoPickerDemo;
				TEST_HOST = "$(BUILT_PRODUCTS_DIR)/DXPhotoPickerDemo.app/DXPhotoPickerDemo";
			};
			name = Release;
		};
		9541C6D71BCD080D003102FC /* Debug */ = {
			isa = XCBuildConfiguration;
			buildSettings = {
				INFOPLIST_FILE = DXPhotosPickerDemoUITests/Info.plist;
				LD_RUNPATH_SEARCH_PATHS = "$(inherited) @executable_path/Frameworks @loader_path/Frameworks";
				PRODUCT_BUNDLE_IDENTIFIER = com.dennis.DXPhotosPickerDemoUITests;
				PRODUCT_NAME = DXPhotoPickerDemo;
				TEST_TARGET_NAME = DXPhotosPickerDemo;
				USES_XCTRUNNER = YES;
			};
			name = Debug;
		};
		9541C6D81BCD080D003102FC /* Release */ = {
			isa = XCBuildConfiguration;
			buildSettings = {
				INFOPLIST_FILE = DXPhotosPickerDemoUITests/Info.plist;
				LD_RUNPATH_SEARCH_PATHS = "$(inherited) @executable_path/Frameworks @loader_path/Frameworks";
				PRODUCT_BUNDLE_IDENTIFIER = com.dennis.DXPhotosPickerDemoUITests;
				PRODUCT_NAME = DXPhotoPickerDemo;
				TEST_TARGET_NAME = DXPhotosPickerDemo;
				USES_XCTRUNNER = YES;
			};
			name = Release;
		};
/* End XCBuildConfiguration section */

/* Begin XCConfigurationList section */
		9541C6A31BCD080D003102FC /* Build configuration list for PBXProject "DXPhotoPickerDemo" */ = {
			isa = XCConfigurationList;
			buildConfigurations = (
				9541C6CE1BCD080D003102FC /* Debug */,
				9541C6CF1BCD080D003102FC /* Release */,
			);
			defaultConfigurationIsVisible = 0;
			defaultConfigurationName = Release;
		};
		9541C6D01BCD080D003102FC /* Build configuration list for PBXNativeTarget "DXPhotoPickerDemo" */ = {
			isa = XCConfigurationList;
			buildConfigurations = (
				9541C6D11BCD080D003102FC /* Debug */,
				9541C6D21BCD080D003102FC /* Release */,
			);
			defaultConfigurationIsVisible = 0;
			defaultConfigurationName = Release;
		};
		9541C6D31BCD080D003102FC /* Build configuration list for PBXNativeTarget "DXPhotoPickerDemoTests" */ = {
			isa = XCConfigurationList;
			buildConfigurations = (
				9541C6D41BCD080D003102FC /* Debug */,
				9541C6D51BCD080D003102FC /* Release */,
			);
			defaultConfigurationIsVisible = 0;
			defaultConfigurationName = Release;
		};
		9541C6D61BCD080D003102FC /* Build configuration list for PBXNativeTarget "DXPhotoPickerDemoUITests" */ = {
			isa = XCConfigurationList;
			buildConfigurations = (
				9541C6D71BCD080D003102FC /* Debug */,
				9541C6D81BCD080D003102FC /* Release */,
			);
			defaultConfigurationIsVisible = 0;
			defaultConfigurationName = Release;
		};
/* End XCConfigurationList section */
	};
	rootObject = 9541C6A01BCD080D003102FC /* Project object */;
}
